
Microsoft Visual Studio Solution File, Format Version 9.00
# Visual Studio 2005
Project("{8BC9CEB8-8B4A-11D0-8D11-00A0C91BC942}") = "Canaria32", "Canaria32\Canaria32.vcproj", "{736139D6-E990-4E06-A5A6-5B7D48BCBC31}"
EndProject
Project("{54435603-DBB4-11D2-8724-00A0C9A8B90C}") = "Canaria32Setup", "Canaria32Setup\Canaria32Setup.vdproj", "{B2B917DF-8AD8-4A04-BBEB-C92F7EA176A8}"
EndProject
Global
	GlobalSection(SolutionConfigurationPlatforms) = preSolution
		Debug|Win32 = Debug|Win32
		Release|Win32 = Release|Win32
	EndGlobalSection
	GlobalSection(ProjectConfigurationPlatforms) = postSolution
		{736139D6-E990-4E06-A5A6-5B7D48BCBC31}.Debug|Win32.ActiveCfg = Debug|Win32
		{736139D6-E990-4E06-A5A6-5B7D48BCBC31}.Debug|Win32.Build.0 = Debug|Win32
		{736139D6-E990-4E06-A5A6-5B7D48BCBC31}.Release|Win32.ActiveCfg = Release|Win32
		{736139D6-E990-4E06-A5A6-5B7D48BCBC31}.Release|Win32.Build.0 = Release|Win32
		{B2B917DF-8AD8-4A04-BBEB-C92F7EA176A8}.Debug|Win32.ActiveCfg = Debug
		{B2B917DF-8AD8-4A04-BBEB-C92F7EA176A8}.Debug|Win32.Build.0 = Debug
		{B2B917DF-8AD8-4A04-BBEB-C92F7EA176A8}.Release|Win32.ActiveCfg = Release
		{B2B917DF-8AD8-4A04-BBEB-C92F7EA176A8}.Release|Win32.Build.0 = Release
	EndGlobalSection
	GlobalSection(SolutionProperties) = preSolution
		HideSolutionNode = FALSE
	EndGlobalSection
EndGlobal
